
Microsoft Visual Studio Solution File, Format Version 12.00
# Visual Studio 2013
VisualStudioVersion = 12.0.21005.1
MinimumVisualStudioVersion = 10.0.40219.1
Project("{FAE04EC0-301F-11D3-BF4B-00C04F79EFBC}") = "jQueryTraining", "jQueryTraining\jQueryTraining.csproj", "{58ABA054-0064-4354-AA0B-41401500A19D}"
EndProject
Global
	GlobalSection(SolutionConfigurationPlatforms) = preSolution
		Debug|Any CPU = Debug|Any CPU
		Release|Any CPU = Release|Any CPU
	EndGlobalSection
	GlobalSection(ProjectConfigurationPlatforms) = postSolution
		{58ABA054-0064-4354-AA0B-41401500A19D}.Debug|Any CPU.ActiveCfg = Debug|Any CPU
		{58ABA054-0064-4354-AA0B-41401500A19D}.Debug|Any CPU.Build.0 = Debug|Any CPU
		{58ABA054-0064-4354-AA0B-41401500A19D}.Release|Any CPU.ActiveCfg = Release|Any CPU
		{58ABA054-0064-4354-AA0B-41401500A19D}.Release|Any CPU.Build.0 = Release|Any CPU
	EndGlobalSection
	GlobalSection(SolutionProperties) = preSolution
		HideSolutionNode = FALSE
	EndGlobalSection
EndGlobal
